
Microsoft Visual Studio Solution File, Format Version 12.00
# Visual Studio 14
VisualStudioVersion = 14.0.23107.0
MinimumVisualStudioVersion = 10.0.40219.1
Project("{FAE04EC0-301F-11D3-BF4B-00C04F79EFBC}") = "BrandschutzRevit", "Beispiel_Brandschutz\BrandschutzRevit.csproj", "{B9945855-96D7-4158-BDB3-4B626CFAB009}"
EndProject
Project("{FAE04EC0-301F-11D3-BF4B-00C04F79EFBC}") = "BrandschutzApp", "BrandschutzApp\BrandschutzApp.csproj", "{D69588AF-AF89-4D7B-B5B9-617D031D69E9}"
EndProject
Project("{FAE04EC0-301F-11D3-BF4B-00C04F79EFBC}") = "BrandschutzDaten", "BrandschutzDaten\BrandschutzDaten.csproj", "{7C3A014D-90D1-44C0-A1EC-01502E9FA9A5}"
EndProject
Global
	GlobalSection(SolutionConfigurationPlatforms) = preSolution
		Debug|Any CPU = Debug|Any CPU
		Release|Any CPU = Release|Any CPU
	EndGlobalSection
	GlobalSection(ProjectConfigurationPlatforms) = postSolution
		{B9945855-96D7-4158-BDB3-4B626CFAB009}.Debug|Any CPU.ActiveCfg = Debug|Any CPU
		{B9945855-96D7-4158-BDB3-4B626CFAB009}.Debug|Any CPU.Build.0 = Debug|Any CPU
		{B9945855-96D7-4158-BDB3-4B626CFAB009}.Release|Any CPU.ActiveCfg = Release|Any CPU
		{B9945855-96D7-4158-BDB3-4B626CFAB009}.Release|Any CPU.Build.0 = Release|Any CPU
		{D69588AF-AF89-4D7B-B5B9-617D031D69E9}.Debug|Any CPU.ActiveCfg = Debug|Any CPU
		{D69588AF-AF89-4D7B-B5B9-617D031D69E9}.Debug|Any CPU.Build.0 = Debug|Any CPU
		{D69588AF-AF89-4D7B-B5B9-617D031D69E9}.Release|Any CPU.ActiveCfg = Release|Any CPU
		{D69588AF-AF89-4D7B-B5B9-617D031D69E9}.Release|Any CPU.Build.0 = Release|Any CPU
		{7C3A014D-90D1-44C0-A1EC-01502E9FA9A5}.Debug|Any CPU.ActiveCfg = Debug|Any CPU
		{7C3A014D-90D1-44C0-A1EC-01502E9FA9A5}.Debug|Any CPU.Build.0 = Debug|Any CPU
		{7C3A014D-90D1-44C0-A1EC-01502E9FA9A5}.Release|Any CPU.ActiveCfg = Release|Any CPU
		{7C3A014D-90D1-44C0-A1EC-01502E9FA9A5}.Release|Any CPU.Build.0 = Release|Any CPU
	EndGlobalSection
	GlobalSection(SolutionProperties) = preSolution
		HideSolutionNode = FALSE
	EndGlobalSection
EndGlobal
